// !$*UTF8*$!
{
	archiveVersion = 1;
	classes = {
	};
	objectVersion = 55;
	objects = {

/* Begin PBXBuildFile section */
		160D575E27FB4A390063AA42 /* GoogleService-Info.plist in Resources */ = {isa = PBXBuildFile; fileRef = 160D575D27FB4A390063AA42 /* GoogleService-Info.plist */; };
		16492A0E27FA117D006F0CFF /* Busy_BeeApp.swift in Sources */ = {isa = PBXBuildFile; fileRef = 16492A0D27FA117D006F0CFF /* Busy_BeeApp.swift */; };
		16492A1227FA117F006F0CFF /* Assets.xcassets in Resources */ = {isa = PBXBuildFile; fileRef = 16492A1127FA117F006F0CFF /* Assets.xcassets */; };
		16492A1527FA117F006F0CFF /* Preview Assets.xcassets in Resources */ = {isa = PBXBuildFile; fileRef = 16492A1427FA117F006F0CFF /* Preview Assets.xcassets */; };
		16492A2027FA117F006F0CFF /* Busy_BeeTests.swift in Sources */ = {isa = PBXBuildFile; fileRef = 16492A1F27FA117F006F0CFF /* Busy_BeeTests.swift */; };
		16492A2A27FA117F006F0CFF /* Busy_BeeUITests.swift in Sources */ = {isa = PBXBuildFile; fileRef = 16492A2927FA117F006F0CFF /* Busy_BeeUITests.swift */; };
		16492A2C27FA117F006F0CFF /* Busy_BeeUITestsLaunchTests.swift in Sources */ = {isa = PBXBuildFile; fileRef = 16492A2B27FA117F006F0CFF /* Busy_BeeUITestsLaunchTests.swift */; };
		16492A4027FA298B006F0CFF /* user.swift in Sources */ = {isa = PBXBuildFile; fileRef = 16492A3F27FA298B006F0CFF /* user.swift */; };
		16492A4D27FA34B5006F0CFF /* status.swift in Sources */ = {isa = PBXBuildFile; fileRef = 16492A4C27FA34B5006F0CFF /* status.swift */; };
		16492A5827FA3C3B006F0CFF /* Credits.html in Resources */ = {isa = PBXBuildFile; fileRef = 16492A5727FA3C3B006F0CFF /* Credits.html */; };
		16BED9AB280399F600420EBC /* AppDelegate.swift in Sources */ = {isa = PBXBuildFile; fileRef = 16BED9AA280399F600420EBC /* AppDelegate.swift */; };
		16C7F154280B9B2600137307 /* Menu.swift in Sources */ = {isa = PBXBuildFile; fileRef = 16C7F153280B9B2600137307 /* Menu.swift */; };
		16C7F157280B9BA600137307 /* MenuViewModel.swift in Sources */ = {isa = PBXBuildFile; fileRef = 16C7F156280B9BA600137307 /* MenuViewModel.swift */; };
/* End PBXBuildFile section */

/* Begin PBXContainerItemProxy section */
		16492A1C27FA117F006F0CFF /* PBXContainerItemProxy */ = {
			isa = PBXContainerItemProxy;
			containerPortal = 16492A0227FA117D006F0CFF /* Project object */;
			proxyType = 1;
			remoteGlobalIDString = 16492A0927FA117D006F0CFF;
			remoteInfo = "Busy Bee";
		};
		16492A2627FA117F006F0CFF /* PBXContainerItemProxy */ = {
			isa = PBXContainerItemProxy;
			containerPortal = 16492A0227FA117D006F0CFF /* Project object */;
			proxyType = 1;
			remoteGlobalIDString = 16492A0927FA117D006F0CFF;
			remoteInfo = "Busy Bee";
		};
/* End PBXContainerItemProxy section */

/* Begin PBXFileReference section */
		160D575D27FB4A390063AA42 /* GoogleService-Info.plist */ = {isa = PBXFileReference; fileEncoding = 4; lastKnownFileType = text.plist.xml; path = "GoogleService-Info.plist"; sourceTree = "<group>"; };
		16492A0A27FA117D006F0CFF /* Busy Bee.app */ = {isa = PBXFileReference; explicitFileType = wrapper.application; includeInIndex = 0; path = "Busy Bee.app"; sourceTree = BUILT_PRODUCTS_DIR; };
		16492A0D27FA117D006F0CFF /* Busy_BeeApp.swift */ = {isa = PBXFileReference; lastKnownFileType = sourcecode.swift; path = Busy_BeeApp.swift; sourceTree = "<group>"; };
		16492A1127FA117F006F0CFF /* Assets.xcassets */ = {isa = PBXFileReference; lastKnownFileType = folder.assetcatalog; path = Assets.xcassets; sourceTree = "<group>"; };
		16492A1427FA117F006F0CFF /* Preview Assets.xcassets */ = {isa = PBXFileReference; lastKnownFileType = folder.assetcatalog; path = "Preview Assets.xcassets"; sourceTree = "<group>"; };
		16492A1627FA117F006F0CFF /* Busy_Bee.entitlements */ = {isa = PBXFileReference; lastKnownFileType = text.plist.entitlements; path = Busy_Bee.entitlements; sourceTree = "<group>"; };
		16492A1B27FA117F006F0CFF /* Busy BeeTests.xctest */ = {isa = PBXFileReference; explicitFileType = wrapper.cfbundle; includeInIndex = 0; path = "Busy BeeTests.xctest"; sourceTree = BUILT_PRODUCTS_DIR; };
		16492A1F27FA117F006F0CFF /* Busy_BeeTests.swift */ = {isa = PBXFileReference; lastKnownFileType = sourcecode.swift; path = Busy_BeeTests.swift; sourceTree = "<group>"; };
		16492A2527FA117F006F0CFF /* Busy BeeUITests.xctest */ = {isa = PBXFileReference; explicitFileType = wrapper.cfbundle; includeInIndex = 0; path = "Busy BeeUITests.xctest"; sourceTree = BUILT_PRODUCTS_DIR; };
		16492A2927FA117F006F0CFF /* Busy_BeeUITests.swift */ = {isa = PBXFileReference; lastKnownFileType = sourcecode.swift; path = Busy_BeeUITests.swift; sourceTree = "<group>"; };
		16492A2B27FA117F006F0CFF /* Busy_BeeUITestsLaunchTests.swift */ = {isa = PBXFileReference; lastKnownFileType = sourcecode.swift; path = Busy_BeeUITestsLaunchTests.swift; sourceTree = "<group>"; };
		16492A3E27FA1DB6006F0CFF /* colour_changer.py */ = {isa = PBXFileReference; lastKnownFileType = text.script.python; path = colour_changer.py; sourceTree = "<group>"; };
		16492A3F27FA298B006F0CFF /* user.swift */ = {isa = PBXFileReference; lastKnownFileType = sourcecode.swift; path = user.swift; sourceTree = "<group>"; };
		16492A4C27FA34B5006F0CFF /* status.swift */ = {isa = PBXFileReference; lastKnownFileType = sourcecode.swift; path = status.swift; sourceTree = "<group>"; };
		16492A5727FA3C3B006F0CFF /* Credits.html */ = {isa = PBXFileReference; lastKnownFileType = text.html; path = Credits.html; sourceTree = "<group>"; };
		16BED9AA280399F600420EBC /* AppDelegate.swift */ = {isa = PBXFileReference; lastKnownFileType = sourcecode.swift; path = AppDelegate.swift; sourceTree = "<group>"; };
		16C7F153280B9B2600137307 /* Menu.swift */ = {isa = PBXFileReference; fileEncoding = 4; lastKnownFileType = sourcecode.swift; path = Menu.swift; sourceTree = "<group>"; };
		16C7F156280B9BA600137307 /* MenuViewModel.swift */ = {isa = PBXFileReference; fileEncoding = 4; lastKnownFileType = sourcecode.swift; path = MenuViewModel.swift; sourceTree = "<group>"; };
/* End PBXFileReference section */

/* Begin PBXFrameworksBuildPhase section */
		16492A0727FA117D006F0CFF /* Frameworks */ = {
			isa = PBXFrameworksBuildPhase;
			buildActionMask = 2147483647;
			files = (
			);
			runOnlyForDeploymentPostprocessing = 0;
		};
		16492A1827FA117F006F0CFF /* Frameworks */ = {
			isa = PBXFrameworksBuildPhase;
			buildActionMask = 2147483647;
			files = (
			);
			runOnlyForDeploymentPostprocessing = 0;
		};
		16492A2227FA117F006F0CFF /* Frameworks */ = {
			isa = PBXFrameworksBuildPhase;
			buildActionMask = 2147483647;
			files = (
			);
			runOnlyForDeploymentPostprocessing = 0;
		};
/* End PBXFrameworksBuildPhase section */

/* Begin PBXGroup section */
		16492A0127FA117D006F0CFF = {
			isa = PBXGroup;
			children = (
				16492A3D27FA1DA4006F0CFF /* icon_maker */,
				16492A0C27FA117D006F0CFF /* Busy Bee */,
				16492A1E27FA117F006F0CFF /* Busy BeeTests */,
				16492A2827FA117F006F0CFF /* Busy BeeUITests */,
				16492A0B27FA117D006F0CFF /* Products */,
			);
			sourceTree = "<group>";
		};
		16492A0B27FA117D006F0CFF /* Products */ = {
			isa = PBXGroup;
			children = (
				16492A0A27FA117D006F0CFF /* Busy Bee.app */,
				16492A1B27FA117F006F0CFF /* Busy BeeTests.xctest */,
				16492A2527FA117F006F0CFF /* Busy BeeUITests.xctest */,
			);
			name = Products;
			sourceTree = "<group>";
		};
		16492A0C27FA117D006F0CFF /* Busy Bee */ = {
			isa = PBXGroup;
			children = (
				16C7F155280B9B5900137307 /* ViewModels */,
				16F26AAD2803897B00C9C0A9 /* Views */,
				16492A4327FA33BA006F0CFF /* Models */,
				16492A5A27FA454D006F0CFF /* Supporting Files */,
				16492A1327FA117F006F0CFF /* Preview Content */,
			);
			path = "Busy Bee";
			sourceTree = "<group>";
		};
		16492A1327FA117F006F0CFF /* Preview Content */ = {
			isa = PBXGroup;
			children = (
				16492A1427FA117F006F0CFF /* Preview Assets.xcassets */,
			);
			path = "Preview Content";
			sourceTree = "<group>";
		};
		16492A1E27FA117F006F0CFF /* Busy BeeTests */ = {
			isa = PBXGroup;
			children = (
				16492A1F27FA117F006F0CFF /* Busy_BeeTests.swift */,
			);
			path = "Busy BeeTests";
			sourceTree = "<group>";
		};
		16492A2827FA117F006F0CFF /* Busy BeeUITests */ = {
			isa = PBXGroup;
			children = (
				16492A2927FA117F006F0CFF /* Busy_BeeUITests.swift */,
				16492A2B27FA117F006F0CFF /* Busy_BeeUITestsLaunchTests.swift */,
			);
			path = "Busy BeeUITests";
			sourceTree = "<group>";
		};
		16492A3D27FA1DA4006F0CFF /* icon_maker */ = {
			isa = PBXGroup;
			children = (
				16492A3E27FA1DB6006F0CFF /* colour_changer.py */,
			);
			path = icon_maker;
			sourceTree = "<group>";
		};
		16492A4327FA33BA006F0CFF /* Models */ = {
			isa = PBXGroup;
			children = (
				16492A3F27FA298B006F0CFF /* user.swift */,
				16492A4C27FA34B5006F0CFF /* status.swift */,
			);
			path = Models;
			sourceTree = "<group>";
		};
		16492A5A27FA454D006F0CFF /* Supporting Files */ = {
			isa = PBXGroup;
			children = (
				16492A0D27FA117D006F0CFF /* Busy_BeeApp.swift */,
				16BED9AA280399F600420EBC /* AppDelegate.swift */,
				160D575D27FB4A390063AA42 /* GoogleService-Info.plist */,
				16492A5727FA3C3B006F0CFF /* Credits.html */,
				16492A1627FA117F006F0CFF /* Busy_Bee.entitlements */,
				16492A1127FA117F006F0CFF /* Assets.xcassets */,
			);
			name = "Supporting Files";
			sourceTree = "<group>";
		};
		16C7F155280B9B5900137307 /* ViewModels */ = {
			isa = PBXGroup;
			children = (
				16C7F156280B9BA600137307 /* MenuViewModel.swift */,
			);
			path = ViewModels;
			sourceTree = "<group>";
		};
		16F26AAD2803897B00C9C0A9 /* Views */ = {
			isa = PBXGroup;
			children = (
				16C7F153280B9B2600137307 /* Menu.swift */,
			);
			path = Views;
			sourceTree = "<group>";
		};
/* End PBXGroup section */

/* Begin PBXNativeTarget section */
		16492A0927FA117D006F0CFF /* Busy Bee */ = {
			isa = PBXNativeTarget;
			buildConfigurationList = 16492A2F27FA117F006F0CFF /* Build configuration list for PBXNativeTarget "Busy Bee" */;
			buildPhases = (
				16492A0627FA117D006F0CFF /* Sources */,
				16492A0727FA117D006F0CFF /* Frameworks */,
				16492A0827FA117D006F0CFF /* Resources */,
			);
			buildRules = (
			);
			dependencies = (
			);
			name = "Busy Bee";
			packageProductDependencies = (
			);
			productName = "Busy Bee";
			productReference = 16492A0A27FA117D006F0CFF /* Busy Bee.app */;
			productType = "com.apple.product-type.application";
		};
		16492A1A27FA117F006F0CFF /* Busy BeeTests */ = {
			isa = PBXNativeTarget;
			buildConfigurationList = 16492A3227FA117F006F0CFF /* Build configuration list for PBXNativeTarget "Busy BeeTests" */;
			buildPhases = (
				16492A1727FA117F006F0CFF /* Sources */,
				16492A1827FA117F006F0CFF /* Frameworks */,
				16492A1927FA117F006F0CFF /* Resources */,
			);
			buildRules = (
			);
			dependencies = (
				16492A1D27FA117F006F0CFF /* PBXTargetDependency */,
			);
			name = "Busy BeeTests";
			productName = "Busy BeeTests";
			productReference = 16492A1B27FA117F006F0CFF /* Busy BeeTests.xctest */;
			productType = "com.apple.product-type.bundle.unit-test";
		};
		16492A2427FA117F006F0CFF /* Busy BeeUITests */ = {
			isa = PBXNativeTarget;
			buildConfigurationList = 16492A3527FA117F006F0CFF /* Build configuration list for PBXNativeTarget "Busy BeeUITests" */;
			buildPhases = (
				16492A2127FA117F006F0CFF /* Sources */,
				16492A2227FA117F006F0CFF /* Frameworks */,
				16492A2327FA117F006F0CFF /* Resources */,
			);
			buildRules = (
			);
			dependencies = (
				16492A2727FA117F006F0CFF /* PBXTargetDependency */,
			);
			name = "Busy BeeUITests";
			productName = "Busy BeeUITests";
			productReference = 16492A2527FA117F006F0CFF /* Busy BeeUITests.xctest */;
			productType = "com.apple.product-type.bundle.ui-testing";
		};
/* End PBXNativeTarget section */

/* Begin PBXProject section */
		16492A0227FA117D006F0CFF /* Project object */ = {
			isa = PBXProject;
			attributes = {
				BuildIndependentTargetsInParallel = 1;
				LastSwiftUpdateCheck = 1330;
				LastUpgradeCheck = 1330;
				TargetAttributes = {
					16492A0927FA117D006F0CFF = {
						CreatedOnToolsVersion = 13.3;
					};
					16492A1A27FA117F006F0CFF = {
						CreatedOnToolsVersion = 13.3;
						TestTargetID = 16492A0927FA117D006F0CFF;
					};
					16492A2427FA117F006F0CFF = {
						CreatedOnToolsVersion = 13.3;
						TestTargetID = 16492A0927FA117D006F0CFF;
					};
				};
			};
			buildConfigurationList = 16492A0527FA117D006F0CFF /* Build configuration list for PBXProject "Busy Bee" */;
			compatibilityVersion = "Xcode 13.0";
			developmentRegion = en;
			hasScannedForEncodings = 0;
			knownRegions = (
				en,
				Base,
			);
			mainGroup = 16492A0127FA117D006F0CFF;
			packageReferences = (
			);
			productRefGroup = 16492A0B27FA117D006F0CFF /* Products */;
			projectDirPath = "";
			projectRoot = "";
			targets = (
				16492A0927FA117D006F0CFF /* Busy Bee */,
				16492A1A27FA117F006F0CFF /* Busy BeeTests */,
				16492A2427FA117F006F0CFF /* Busy BeeUITests */,
			);
		};
/* End PBXProject section */

/* Begin PBXResourcesBuildPhase section */
		16492A0827FA117D006F0CFF /* Resources */ = {
			isa = PBXResourcesBuildPhase;
			buildActionMask = 2147483647;
			files = (
				16492A1527FA117F006F0CFF /* Preview Assets.xcassets in Resources */,
				160D575E27FB4A390063AA42 /* GoogleService-Info.plist in Resources */,
				16492A5827FA3C3B006F0CFF /* Credits.html in Resources */,
				16492A1227FA117F006F0CFF /* Assets.xcassets in Resources */,
			);
			runOnlyForDeploymentPostprocessing = 0;
		};
		16492A1927FA117F006F0CFF /* Resources */ = {
			isa = PBXResourcesBuildPhase;
			buildActionMask = 2147483647;
			files = (
			);
			runOnlyForDeploymentPostprocessing = 0;
		};
		16492A2327FA117F006F0CFF /* Resources */ = {
			isa = PBXResourcesBuildPhase;
			buildActionMask = 2147483647;
			files = (
			);
			runOnlyForDeploymentPostprocessing = 0;
		};
/* End PBXResourcesBuildPhase section */

/* Begin PBXSourcesBuildPhase section */
		16492A0627FA117D006F0CFF /* Sources */ = {
			isa = PBXSourcesBuildPhase;
			buildActionMask = 2147483647;
			files = (
				16C7F154280B9B2600137307 /* Menu.swift in Sources */,
				16BED9AB280399F600420EBC /* AppDelegate.swift in Sources */,
				16492A4D27FA34B5006F0CFF /* status.swift in Sources */,
				16C7F157280B9BA600137307 /* MenuViewModel.swift in Sources */,
				16492A0E27FA117D006F0CFF /* Busy_BeeApp.swift in Sources */,
				16492A4027FA298B006F0CFF /* user.swift in Sources */,
			);
			runOnlyForDeploymentPostprocessing = 0;
		};
		16492A1727FA117F006F0CFF /* Sources */ = {
			isa = PBXSourcesBuildPhase;
			buildActionMask = 2147483647;
			files = (
				16492A2027FA117F006F0CFF /* Busy_BeeTests.swift in Sources */,
			);
			runOnlyForDeploymentPostprocessing = 0;
		};
		16492A2127FA117F006F0CFF /* Sources */ = {
			isa = PBXSourcesBuildPhase;
			buildActionMask = 2147483647;
			files = (
				16492A2C27FA117F006F0CFF /* Busy_BeeUITestsLaunchTests.swift in Sources */,
				16492A2A27FA117F006F0CFF /* Busy_BeeUITests.swift in Sources */,
			);
			runOnlyForDeploymentPostprocessing = 0;
		};
/* End PBXSourcesBuildPhase section */

/* Begin PBXTargetDependency section */
		16492A1D27FA117F006F0CFF /* PBXTargetDependency */ = {
			isa = PBXTargetDependency;
			target = 16492A0927FA117D006F0CFF /* Busy Bee */;
			targetProxy = 16492A1C27FA117F006F0CFF /* PBXContainerItemProxy */;
		};
		16492A2727FA117F006F0CFF /* PBXTargetDependency */ = {
			isa = PBXTargetDependency;
			target = 16492A0927FA117D006F0CFF /* Busy Bee */;
			targetProxy = 16492A2627FA117F006F0CFF /* PBXContainerItemProxy */;
		};
/* End PBXTargetDependency section */

/* Begin XCBuildConfiguration section */
		16492A2D27FA117F006F0CFF /* Debug */ = {
			isa = XCBuildConfiguration;
			buildSettings = {
				ALWAYS_SEARCH_USER_PATHS = NO;
				CLANG_ANALYZER_NONNULL = YES;
				CLANG_ANALYZER_NUMBER_OBJECT_CONVERSION = YES_AGGRESSIVE;
				CLANG_CXX_LANGUAGE_STANDARD = "gnu++17";
				CLANG_ENABLE_MODULES = YES;
				CLANG_ENABLE_OBJC_ARC = YES;
				CLANG_ENABLE_OBJC_WEAK = YES;
				CLANG_WARN_BLOCK_CAPTURE_AUTORELEASING = YES;
				CLANG_WARN_BOOL_CONVERSION = YES;
				CLANG_WARN_COMMA = YES;
				CLANG_WARN_CONSTANT_CONVERSION = YES;
				CLANG_WARN_DEPRECATED_OBJC_IMPLEMENTATIONS = YES;
				CLANG_WARN_DIRECT_OBJC_ISA_USAGE = YES_ERROR;
				CLANG_WARN_DOCUMENTATION_COMMENTS = YES;
				CLANG_WARN_EMPTY_BODY = YES;
				CLANG_WARN_ENUM_CONVERSION = YES;
				CLANG_WARN_INFINITE_RECURSION = YES;
				CLANG_WARN_INT_CONVERSION = YES;
				CLANG_WARN_NON_LITERAL_NULL_CONVERSION = YES;
				CLANG_WARN_OBJC_IMPLICIT_RETAIN_SELF = YES;
				CLANG_WARN_OBJC_LITERAL_CONVERSION = YES;
				CLANG_WARN_OBJC_ROOT_CLASS = YES_ERROR;
				CLANG_WARN_QUOTED_INCLUDE_IN_FRAMEWORK_HEADER = YES;
				CLANG_WARN_RANGE_LOOP_ANALYSIS = YES;
				CLANG_WARN_STRICT_PROTOTYPES = YES;
				CLANG_WARN_SUSPICIOUS_MOVE = YES;
				CLANG_WARN_UNGUARDED_AVAILABILITY = YES_AGGRESSIVE;
				CLANG_WARN_UNREACHABLE_CODE = YES;
				CLANG_WARN__DUPLICATE_METHOD_MATCH = YES;
				COPY_PHASE_STRIP = NO;
				DEBUG_INFORMATION_FORMAT = dwarf;
				ENABLE_STRICT_OBJC_MSGSEND = YES;
				ENABLE_TESTABILITY = YES;
				GCC_C_LANGUAGE_STANDARD = gnu11;
				GCC_DYNAMIC_NO_PIC = NO;
				GCC_NO_COMMON_BLOCKS = YES;
				GCC_OPTIMIZATION_LEVEL = 0;
				GCC_PREPROCESSOR_DEFINITIONS = (
					"DEBUG=1",
					"$(inherited)",
				);
				GCC_WARN_64_TO_32_BIT_CONVERSION = YES;
				GCC_WARN_ABOUT_RETURN_TYPE = YES_ERROR;
				GCC_WARN_UNDECLARED_SELECTOR = YES;
				GCC_WARN_UNINITIALIZED_AUTOS = YES_AGGRESSIVE;
				GCC_WARN_UNUSED_FUNCTION = YES;
				GCC_WARN_UNUSED_VARIABLE = YES;
				MACOSX_DEPLOYMENT_TARGET = 12.0;
				MTL_ENABLE_DEBUG_INFO = INCLUDE_SOURCE;
				MTL_FAST_MATH = YES;
				ONLY_ACTIVE_ARCH = YES;
				SDKROOT = macosx;
				SWIFT_ACTIVE_COMPILATION_CONDITIONS = DEBUG;
				SWIFT_OPTIMIZATION_LEVEL = "-Onone";
			};
			name = Debug;
		};
		16492A2E27FA117F006F0CFF /* Release */ = {
			isa = XCBuildConfiguration;
			buildSettings = {
				ALWAYS_SEARCH_USER_PATHS = NO;
				CLANG_ANALYZER_NONNULL = YES;
				CLANG_ANALYZER_NUMBER_OBJECT_CONVERSION = YES_AGGRESSIVE;
				CLANG_CXX_LANGUAGE_STANDARD = "gnu++17";
				CLANG_ENABLE_MODULES = YES;
				CLANG_ENABLE_OBJC_ARC = YES;
				CLANG_ENABLE_OBJC_WEAK = YES;
				CLANG_WARN_BLOCK_CAPTURE_AUTORELEASING = YES;
				CLANG_WARN_BOOL_CONVERSION = YES;
				CLANG_WARN_COMMA = YES;
				CLANG_WARN_CONSTANT_CONVERSION = YES;
				CLANG_WARN_DEPRECATED_OBJC_IMPLEMENTATIONS = YES;
				CLANG_WARN_DIRECT_OBJC_ISA_USAGE = YES_ERROR;
				CLANG_WARN_DOCUMENTATION_COMMENTS = YES;
				CLANG_WARN_EMPTY_BODY = YES;
				CLANG_WARN_ENUM_CONVERSION = YES;
				CLANG_WARN_INFINITE_RECURSION = YES;
				CLANG_WARN_INT_CONVERSION = YES;
				CLANG_WARN_NON_LITERAL_NULL_CONVERSION = YES;
				CLANG_WARN_OBJC_IMPLICIT_RETAIN_SELF = YES;
				CLANG_WARN_OBJC_LITERAL_CONVERSION = YES;
				CLANG_WARN_OBJC_ROOT_CLASS = YES_ERROR;
				CLANG_WARN_QUOTED_INCLUDE_IN_FRAMEWORK_HEADER = YES;
				CLANG_WARN_RANGE_LOOP_ANALYSIS = YES;
				CLANG_WARN_STRICT_PROTOTYPES = YES;
				CLANG_WARN_SUSPICIOUS_MOVE = YES;
				CLANG_WARN_UNGUARDED_AVAILABILITY = YES_AGGRESSIVE;
				CLANG_WARN_UNREACHABLE_CODE = YES;
				CLANG_WARN__DUPLICATE_METHOD_MATCH = YES;
				COPY_PHASE_STRIP = NO;
				DEBUG_INFORMATION_FORMAT = "dwarf-with-dsym";
				ENABLE_NS_ASSERTIONS = NO;
				ENABLE_STRICT_OBJC_MSGSEND = YES;
				GCC_C_LANGUAGE_STANDARD = gnu11;
				GCC_NO_COMMON_BLOCKS = YES;
				GCC_WARN_64_TO_32_BIT_CONVERSION = YES;
				GCC_WARN_ABOUT_RETURN_TYPE = YES_ERROR;
				GCC_WARN_UNDECLARED_SELECTOR = YES;
				GCC_WARN_UNINITIALIZED_AUTOS = YES_AGGRESSIVE;
				GCC_WARN_UNUSED_FUNCTION = YES;
				GCC_WARN_UNUSED_VARIABLE = YES;
				MACOSX_DEPLOYMENT_TARGET = 12.0;
				MTL_ENABLE_DEBUG_INFO = NO;
				MTL_FAST_MATH = YES;
				SDKROOT = macosx;
				SWIFT_COMPILATION_MODE = wholemodule;
				SWIFT_OPTIMIZATION_LEVEL = "-O";
			};
			name = Release;
		};
		16492A3027FA117F006F0CFF /* Debug */ = {
			isa = XCBuildConfiguration;
			buildSettings = {
				ASSETCATALOG_COMPILER_APPICON_NAME = AppIcon;
				ASSETCATALOG_COMPILER_GLOBAL_ACCENT_COLOR_NAME = AccentColor;
				CODE_SIGN_ENTITLEMENTS = "Busy Bee/Busy_Bee.entitlements";
				CODE_SIGN_STYLE = Automatic;
				COMBINE_HIDPI_IMAGES = YES;
				CURRENT_PROJECT_VERSION = 1;
				DEVELOPMENT_ASSET_PATHS = "\"Busy Bee/Preview Content\"";
				DEVELOPMENT_TEAM = 7J4MTS4TFB;
				ENABLE_HARDENED_RUNTIME = YES;
				ENABLE_PREVIEWS = YES;
				GENERATE_INFOPLIST_FILE = YES;
				INFOPLIST_FILE = "Busy-Bee-Info.plist";
				INFOPLIST_KEY_LSApplicationCategoryType = "public.app-category.productivity";
				INFOPLIST_KEY_NSHumanReadableCopyright = "";
				LD_RUNPATH_SEARCH_PATHS = (
					"$(inherited)",
					"@executable_path/../Frameworks",
				);
				MARKETING_VERSION = 2.0;
				PRODUCT_BUNDLE_IDENTIFIER = "Harry-OBrien.Busy-Bee";
				PRODUCT_NAME = "$(TARGET_NAME)";
				SWIFT_EMIT_LOC_STRINGS = YES;
				SWIFT_VERSION = 5.0;
			};
			name = Debug;
		};
		16492A3127FA117F006F0CFF /* Release */ = {
			isa = XCBuildConfiguration;
			buildSettings = {
				ASSETCATALOG_COMPILER_APPICON_NAME = AppIcon;
				ASSETCATALOG_COMPILER_GLOBAL_ACCENT_COLOR_NAME = AccentColor;
				CODE_SIGN_ENTITLEMENTS = "Busy Bee/Busy_Bee.entitlements";
				CODE_SIGN_STYLE = Automatic;
				COMBINE_HIDPI_IMAGES = YES;
				CURRENT_PROJECT_VERSION = 1;
				DEVELOPMENT_ASSET_PATHS = "\"Busy Bee/Preview Content\"";
				DEVELOPMENT_TEAM = 7J4MTS4TFB;
				ENABLE_HARDENED_RUNTIME = YES;
				ENABLE_PREVIEWS = YES;
				GENERATE_INFOPLIST_FILE = YES;
				INFOPLIST_FILE = "Busy-Bee-Info.plist";
				INFOPLIST_KEY_LSApplicationCategoryType = "public.app-category.productivity";
				INFOPLIST_KEY_NSHumanReadableCopyright = "";
				LD_RUNPATH_SEARCH_PATHS = (
					"$(inherited)",
					"@executable_path/../Frameworks",
				);
				MARKETING_VERSION = 2.0;
				PRODUCT_BUNDLE_IDENTIFIER = "Harry-OBrien.Busy-Bee";
				PRODUCT_NAME = "$(TARGET_NAME)";
				SWIFT_EMIT_LOC_STRINGS = YES;
				SWIFT_VERSION = 5.0;
			};
			name = Release;
		};
		16492A3327FA117F006F0CFF /* Debug */ = {
			isa = XCBuildConfiguration;
			buildSettings = {
				ALWAYS_EMBED_SWIFT_STANDARD_LIBRARIES = YES;
				BUNDLE_LOADER = "$(TEST_HOST)";
				CODE_SIGN_STYLE = Automatic;
				CURRENT_PROJECT_VERSION = 1;
				DEVELOPMENT_TEAM = 7J4MTS4TFB;
				GENERATE_INFOPLIST_FILE = YES;
				MACOSX_DEPLOYMENT_TARGET = 12.0;
				MARKETING_VERSION = 1.0;
				PRODUCT_BUNDLE_IDENTIFIER = "Harry-OBrien.Busy-BeeTests";
				PRODUCT_NAME = "$(TARGET_NAME)";
				SWIFT_EMIT_LOC_STRINGS = NO;
				SWIFT_VERSION = 5.0;
				TEST_HOST = "$(BUILT_PRODUCTS_DIR)/Busy Bee.app/Contents/MacOS/Busy Bee";
			};
			name = Debug;
		};
		16492A3427FA117F006F0CFF /* Release */ = {
			isa = XCBuildConfiguration;
			buildSettings = {
				ALWAYS_EMBED_SWIFT_STANDARD_LIBRARIES = YES;
				BUNDLE_LOADER = "$(TEST_HOST)";
				CODE_SIGN_STYLE = Automatic;
				CURRENT_PROJECT_VERSION = 1;
				DEVELOPMENT_TEAM = 7J4MTS4TFB;
				GENERATE_INFOPLIST_FILE = YES;
				MACOSX_DEPLOYMENT_TARGET = 12.0;
				MARKETING_VERSION = 1.0;
				PRODUCT_BUNDLE_IDENTIFIER = "Harry-OBrien.Busy-BeeTests";
				PRODUCT_NAME = "$(TARGET_NAME)";
				SWIFT_EMIT_LOC_STRINGS = NO;
				SWIFT_VERSION = 5.0;
				TEST_HOST = "$(BUILT_PRODUCTS_DIR)/Busy Bee.app/Contents/MacOS/Busy Bee";
			};
			name = Release;
		};
		16492A3627FA117F006F0CFF /* Debug */ = {
			isa = XCBuildConfiguration;
			buildSettings = {
				ALWAYS_EMBED_SWIFT_STANDARD_LIBRARIES = YES;
				CODE_SIGN_STYLE = Automatic;
				CURRENT_PROJECT_VERSION = 1;
				DEVELOPMENT_TEAM = 7J4MTS4TFB;
				GENERATE_INFOPLIST_FILE = YES;
				MARKETING_VERSION = 1.0;
				PRODUCT_BUNDLE_IDENTIFIER = "Harry-OBrien.Busy-BeeUITests";
				PRODUCT_NAME = "$(TARGET_NAME)";
				SWIFT_EMIT_LOC_STRINGS = NO;
				SWIFT_VERSION = 5.0;
				TEST_TARGET_NAME = "Busy Bee";
			};
			name = Debug;
		};
		16492A3727FA117F006F0CFF /* Release */ = {
			isa = XCBuildConfiguration;
			buildSettings = {
				ALWAYS_EMBED_SWIFT_STANDARD_LIBRARIES = YES;
				CODE_SIGN_STYLE = Automatic;
				CURRENT_PROJECT_VERSION = 1;
				DEVELOPMENT_TEAM = 7J4MTS4TFB;
				GENERATE_INFOPLIST_FILE = YES;
				MARKETING_VERSION = 1.0;
				PRODUCT_BUNDLE_IDENTIFIER = "Harry-OBrien.Busy-BeeUITests";
				PRODUCT_NAME = "$(TARGET_NAME)";
				SWIFT_EMIT_LOC_STRINGS = NO;
				SWIFT_VERSION = 5.0;
				TEST_TARGET_NAME = "Busy Bee";
			};
			name = Release;
		};
/* End XCBuildConfiguration section */

/* Begin XCConfigurationList section */
		16492A0527FA117D006F0CFF /* Build configuration list for PBXProject "Busy Bee" */ = {
			isa = XCConfigurationList;
			buildConfigurations = (
				16492A2D27FA117F006F0CFF /* Debug */,
				16492A2E27FA117F006F0CFF /* Release */,
			);
			defaultConfigurationIsVisible = 0;
			defaultConfigurationName = Release;
		};
		16492A2F27FA117F006F0CFF /* Build configuration list for PBXNativeTarget "Busy Bee" */ = {
			isa = XCConfigurationList;
			buildConfigurations = (
				16492A3027FA117F006F0CFF /* Debug */,
				16492A3127FA117F006F0CFF /* Release */,
			);
			defaultConfigurationIsVisible = 0;
			defaultConfigurationName = Release;
		};
		16492A3227FA117F006F0CFF /* Build configuration list for PBXNativeTarget "Busy BeeTests" */ = {
			isa = XCConfigurationList;
			buildConfigurations = (
				16492A3327FA117F006F0CFF /* Debug */,
				16492A3427FA117F006F0CFF /* Release */,
			);
			defaultConfigurationIsVisible = 0;
			defaultConfigurationName = Release;
		};
		16492A3527FA117F006F0CFF /* Build configuration list for PBXNativeTarget "Busy BeeUITests" */ = {
			isa = XCConfigurationList;
			buildConfigurations = (
				16492A3627FA117F006F0CFF /* Debug */,
				16492A3727FA117F006F0CFF /* Release */,
			);
			defaultConfigurationIsVisible = 0;
			defaultConfigurationName = Release;
		};
/* End XCConfigurationList section */
	};
	rootObject = 16492A0227FA117D006F0CFF /* Project object */;
}
